// !$*UTF8*$!
{
	archiveVersion = 1;
	classes = {
	};
	objectVersion = 77;
	objects = {

/* Begin PBXBuildFile section */
		E875C96F2F2E8D67008F9488 /* Core in Frameworks */ = {isa = PBXBuildFile; productRef = E875C96E2F2E8D67008F9488 /* Core */; };
		E875C9D42F2E9238008F9488 /* SplashModule in Frameworks */ = {isa = PBXBuildFile; productRef = E875C9D32F2E9238008F9488 /* SplashModule */; };
/* End PBXBuildFile section */

/* Begin PBXContainerItemProxy section */
		E875C9382F2E8437008F9488 /* PBXContainerItemProxy */ = {
			isa = PBXContainerItemProxy;
			containerPortal = E875C9222F2E8436008F9488 /* Project object */;
			proxyType = 1;
			remoteGlobalIDString = E875C9292F2E8436008F9488;
			remoteInfo = Hatli;
		};
		E875C9422F2E8437008F9488 /* PBXContainerItemProxy */ = {
			isa = PBXContainerItemProxy;
			containerPortal = E875C9222F2E8436008F9488 /* Project object */;
			proxyType = 1;
			remoteGlobalIDString = E875C9292F2E8436008F9488;
			remoteInfo = Hatli;
		};
/* End PBXContainerItemProxy section */

/* Begin PBXFileReference section */
		E875C92A2F2E8436008F9488 /* Hatli.app */ = {isa = PBXFileReference; explicitFileType = wrapper.application; includeInIndex = 0; path = Hatli.app; sourceTree = BUILT_PRODUCTS_DIR; };
		E875C9372F2E8437008F9488 /* HatliTests.xctest */ = {isa = PBXFileReference; explicitFileType = wrapper.cfbundle; includeInIndex = 0; path = HatliTests.xctest; sourceTree = BUILT_PRODUCTS_DIR; };
		E875C9412F2E8437008F9488 /* HatliUITests.xctest */ = {isa = PBXFileReference; explicitFileType = wrapper.cfbundle; includeInIndex = 0; path = HatliUITests.xctest; sourceTree = BUILT_PRODUCTS_DIR; };
		E875C96C2F2E8D44008F9488 /* Core */ = {isa = PBXFileReference; lastKnownFileType = wrapper; name = Core; path = ../Core; sourceTree = SOURCE_ROOT; };
		E875C9D22F2E9226008F9488 /* SplashModule */ = {isa = PBXFileReference; lastKnownFileType = wrapper; name = SplashModule; path = ../SplashModule; sourceTree = SOURCE_ROOT; };
/* End PBXFileReference section */

/* Begin PBXFileSystemSynchronizedRootGroup section */
		E875C92C2F2E8436008F9488 /* Hatli */ = {
			isa = PBXFileSystemSynchronizedRootGroup;
			path = Hatli;
			sourceTree = "<group>";
		};
		E875C93A2F2E8437008F9488 /* HatliTests */ = {
			isa = PBXFileSystemSynchronizedRootGroup;
			path = HatliTests;
			sourceTree = "<group>";
		};
		E875C9442F2E8437008F9488 /* HatliUITests */ = {
			isa = PBXFileSystemSynchronizedRootGroup;
			path = HatliUITests;
			sourceTree = "<group>";
		};
/* End PBXFileSystemSynchronizedRootGroup section */

/* Begin PBXFrameworksBuildPhase section */
		E875C9272F2E8436008F9488 /* Frameworks */ = {
			isa = PBXFrameworksBuildPhase;
			buildActionMask = 2147483647;
			files = (
				E875C96F2F2E8D67008F9488 /* Core in Frameworks */,
				E875C9D42F2E9238008F9488 /* SplashModule in Frameworks */,
			);
			runOnlyForDeploymentPostprocessing = 0;
		};
		E875C9342F2E8437008F9488 /* Frameworks */ = {
			isa = PBXFrameworksBuildPhase;
			buildActionMask = 2147483647;
			files = (
			);
			runOnlyForDeploymentPostprocessing = 0;
		};
		E875C93E2F2E8437008F9488 /* Frameworks */ = {
			isa = PBXFrameworksBuildPhase;
			buildActionMask = 2147483647;
			files = (
			);
			runOnlyForDeploymentPostprocessing = 0;
		};
/* End PBXFrameworksBuildPhase section */

/* Begin PBXGroup section */
		E875C9212F2E8436008F9488 = {
			isa = PBXGroup;
			children = (
				E875C9D22F2E9226008F9488 /* SplashModule */,
				E875C96C2F2E8D44008F9488 /* Core */,
				E875C92C2F2E8436008F9488 /* Hatli */,
				E875C93A2F2E8437008F9488 /* HatliTests */,
				E875C9442F2E8437008F9488 /* HatliUITests */,
				E875C96D2F2E8D67008F9488 /* Frameworks */,
				E875C92B2F2E8436008F9488 /* Products */,
			);
			sourceTree = "<group>";
		};
		E875C92B2F2E8436008F9488 /* Products */ = {
			isa = PBXGroup;
			children = (
				E875C92A2F2E8436008F9488 /* Hatli.app */,
				E875C9372F2E8437008F9488 /* HatliTests.xctest */,
				E875C9412F2E8437008F9488 /* HatliUITests.xctest */,
			);
			name = Products;
			sourceTree = "<group>";
		};
		E875C96D2F2E8D67008F9488 /* Frameworks */ = {
			isa = PBXGroup;
			children = (
			);
			name = Frameworks;
			sourceTree = "<group>";
		};
/* End PBXGroup section */

/* Begin PBXNativeTarget section */
		E875C9292F2E8436008F9488 /* Hatli */ = {
			isa = PBXNativeTarget;
			buildConfigurationList = E875C94B2F2E8437008F9488 /* Build configuration list for PBXNativeTarget "Hatli" */;
			buildPhases = (
				E875C9262F2E8436008F9488 /* Sources */,
				E875C9272F2E8436008F9488 /* Frameworks */,
				E875C9282F2E8436008F9488 /* Resources */,
				E875C96B2F2E8958008F9488 /* SwiftLint */,
				E875CA162F2EB3D1008F9488 /* SwiftGen */,
			);
			buildRules = (
			);
			dependencies = (
			);
			fileSystemSynchronizedGroups = (
				E875C92C2F2E8436008F9488 /* Hatli */,
			);
			name = Hatli;
			packageProductDependencies = (
				E875C96E2F2E8D67008F9488 /* Core */,
				E875C9D32F2E9238008F9488 /* SplashModule */,
			);
			productName = Hatli;
			productReference = E875C92A2F2E8436008F9488 /* Hatli.app */;
			productType = "com.apple.product-type.application";
		};
		E875C9362F2E8437008F9488 /* HatliTests */ = {
			isa = PBXNativeTarget;
			buildConfigurationList = E875C94E2F2E8437008F9488 /* Build configuration list for PBXNativeTarget "HatliTests" */;
			buildPhases = (
				E875C9332F2E8437008F9488 /* Sources */,
				E875C9342F2E8437008F9488 /* Frameworks */,
				E875C9352F2E8437008F9488 /* Resources */,
			);
			buildRules = (
			);
			dependencies = (
				E875C9392F2E8437008F9488 /* PBXTargetDependency */,
			);
			fileSystemSynchronizedGroups = (
				E875C93A2F2E8437008F9488 /* HatliTests */,
			);
			name = HatliTests;
			packageProductDependencies = (
			);
			productName = HatliTests;
			productReference = E875C9372F2E8437008F9488 /* HatliTests.xctest */;
			productType = "com.apple.product-type.bundle.unit-test";
		};
		E875C9402F2E8437008F9488 /* HatliUITests */ = {
			isa = PBXNativeTarget;
			buildConfigurationList = E875C9512F2E8437008F9488 /* Build configuration list for PBXNativeTarget "HatliUITests" */;
			buildPhases = (
				E875C93D2F2E8437008F9488 /* Sources */,
				E875C93E2F2E8437008F9488 /* Frameworks */,
				E875C93F2F2E8437008F9488 /* Resources */,
			);
			buildRules = (
			);
			dependencies = (
				E875C9432F2E8437008F9488 /* PBXTargetDependency */,
			);
			fileSystemSynchronizedGroups = (
				E875C9442F2E8437008F9488 /* HatliUITests */,
			);
			name = HatliUITests;
			packageProductDependencies = (
			);
			productName = HatliUITests;
			productReference = E875C9412F2E8437008F9488 /* HatliUITests.xctest */;
			productType = "com.apple.product-type.bundle.ui-testing";
		};
/* End PBXNativeTarget section */

/* Begin PBXProject section */
		E875C9222F2E8436008F9488 /* Project object */ = {
			isa = PBXProject;
			attributes = {
				BuildIndependentTargetsInParallel = 1;
				LastSwiftUpdateCheck = 1630;
				LastUpgradeCheck = 1630;
				TargetAttributes = {
					E875C9292F2E8436008F9488 = {
						CreatedOnToolsVersion = 16.3;
					};
					E875C9362F2E8437008F9488 = {
						CreatedOnToolsVersion = 16.3;
						TestTargetID = E875C9292F2E8436008F9488;
					};
					E875C9402F2E8437008F9488 = {
						CreatedOnToolsVersion = 16.3;
						TestTargetID = E875C9292F2E8436008F9488;
					};
				};
			};
			buildConfigurationList = E875C9252F2E8436008F9488 /* Build configuration list for PBXProject "Hatli" */;
			developmentRegion = en;
			hasScannedForEncodings = 0;
			knownRegions = (
				en,
				Base,
			);
			mainGroup = E875C9212F2E8436008F9488;
			minimizedProjectReferenceProxies = 1;
			preferredProjectObjectVersion = 77;
			productRefGroup = E875C92B2F2E8436008F9488 /* Products */;
			projectDirPath = "";
			projectRoot = "";
			targets = (
				E875C9292F2E8436008F9488 /* Hatli */,
				E875C9362F2E8437008F9488 /* HatliTests */,
				E875C9402F2E8437008F9488 /* HatliUITests */,
			);
		};
/* End PBXProject section */

/* Begin PBXResourcesBuildPhase section */
		E875C9282F2E8436008F9488 /* Resources */ = {
			isa = PBXResourcesBuildPhase;
			buildActionMask = 2147483647;
			files = (
			);
			runOnlyForDeploymentPostprocessing = 0;
		};
		E875C9352F2E8437008F9488 /* Resources */ = {
			isa = PBXResourcesBuildPhase;
			buildActionMask = 2147483647;
			files = (
			);
			runOnlyForDeploymentPostprocessing = 0;
		};
		E875C93F2F2E8437008F9488 /* Resources */ = {
			isa = PBXResourcesBuildPhase;
			buildActionMask = 2147483647;
			files = (
			);
			runOnlyForDeploymentPostprocessing = 0;
		};
/* End PBXResourcesBuildPhase section */

/* Begin PBXShellScriptBuildPhase section */
		E875C96B2F2E8958008F9488 /* SwiftLint */ = {
			isa = PBXShellScriptBuildPhase;
			alwaysOutOfDate = 1;
			buildActionMask = 2147483647;
			files = (
			);
			inputFileListPaths = (
			);
			inputPaths = (
			);
			name = SwiftLint;
			outputFileListPaths = (
			);
			outputPaths = (
			);
			runOnlyForDeploymentPostprocessing = 0;
			shellPath = /bin/sh;
			shellScript = "# Type a script or drag a script file from your workspace to insert its path.\nif [[ \"$(uname -m)\" == arm64 ]]; then\n    export PATH=\"/opt/homebrew/bin:$PATH\"\nfi\n\nPROJECT_PATH=\"/Users/ayamashaly/Desktop/Hatli\"\n\nif command -v swiftlint >/dev/null 2>&1; then\n    swiftlint lint $(find \"$PROJECT_PATH\" -name \"*.swift\")\nelse\n    echo \"warning: 'swiftlint' command not found - See https://github.com/realm/SwiftLint#installation for installation instructions.\"\nfi\n";
		};
		E875CA162F2EB3D1008F9488 /* SwiftGen */ = {
			isa = PBXShellScriptBuildPhase;
			alwaysOutOfDate = 1;
			buildActionMask = 2147483647;
			files = (
			);
			inputFileListPaths = (
			);
			inputPaths = (
			);
			name = SwiftGen;
			outputFileListPaths = (
			);
			outputPaths = (
			);
			runOnlyForDeploymentPostprocessing = 0;
			shellPath = /bin/sh;
			shellScript = "# Type a script or drag a script file from your workspace to insert its path.\nif [[ \"$(uname -m)\" == \"arm64\" ]]; then\n    export PATH=\"/opt/homebrew/bin:$PATH\"\nfi\n\nPROJECT_PATH=\"/Users/ayamashaly/Desktop/Hatli\"\n\nif ! command -v swiftgen >/dev/null 2>&1; then\n    echo \"warning: SwiftGen not installed. Download from https://github.com/SwiftGen/SwiftGen\"\n    exit 0\nfi\n\ncd \"$PROJECT_PATH\" || exit 1\nswiftgen config run --verbose\n";
		};
/* End PBXShellScriptBuildPhase section */

/* Begin PBXSourcesBuildPhase section */
		E875C9262F2E8436008F9488 /* Sources */ = {
			isa = PBXSourcesBuildPhase;
			buildActionMask = 2147483647;
			files = (
			);
			runOnlyForDeploymentPostprocessing = 0;
		};
		E875C9332F2E8437008F9488 /* Sources */ = {
			isa = PBXSourcesBuildPhase;
			buildActionMask = 2147483647;
			files = (
			);
			runOnlyForDeploymentPostprocessing = 0;
		};
		E875C93D2F2E8437008F9488 /* Sources */ = {
			isa = PBXSourcesBuildPhase;
			buildActionMask = 2147483647;
			files = (
			);
			runOnlyForDeploymentPostprocessing = 0;
		};
/* End PBXSourcesBuildPhase section */

/* Begin PBXTargetDependency section */
		E875C9392F2E8437008F9488 /* PBXTargetDependency */ = {
			isa = PBXTargetDependency;
			target = E875C9292F2E8436008F9488 /* Hatli */;
			targetProxy = E875C9382F2E8437008F9488 /* PBXContainerItemProxy */;
		};
		E875C9432F2E8437008F9488 /* PBXTargetDependency */ = {
			isa = PBXTargetDependency;
			target = E875C9292F2E8436008F9488 /* Hatli */;
			targetProxy = E875C9422F2E8437008F9488 /* PBXContainerItemProxy */;
		};
/* End PBXTargetDependency section */

/* Begin XCBuildConfiguration section */
		E875C9492F2E8437008F9488 /* Debug */ = {
			isa = XCBuildConfiguration;
			buildSettings = {
				ALWAYS_SEARCH_USER_PATHS = NO;
				ASSETCATALOG_COMPILER_GENERATE_SWIFT_ASSET_SYMBOL_EXTENSIONS = YES;
				CLANG_ANALYZER_NONNULL = YES;
				CLANG_ANALYZER_NUMBER_OBJECT_CONVERSION = YES_AGGRESSIVE;
				CLANG_CXX_LANGUAGE_STANDARD = "gnu++20";
				CLANG_ENABLE_MODULES = YES;
				CLANG_ENABLE_OBJC_ARC = YES;
				CLANG_ENABLE_OBJC_WEAK = YES;
				CLANG_WARN_BLOCK_CAPTURE_AUTORELEASING = YES;
				CLANG_WARN_BOOL_CONVERSION = YES;
				CLANG_WARN_COMMA = YES;
				CLANG_WARN_CONSTANT_CONVERSION = YES;
				CLANG_WARN_DEPRECATED_OBJC_IMPLEMENTATIONS = YES;
				CLANG_WARN_DIRECT_OBJC_ISA_USAGE = YES_ERROR;
				CLANG_WARN_DOCUMENTATION_COMMENTS = YES;
				CLANG_WARN_EMPTY_BODY = YES;
				CLANG_WARN_ENUM_CONVERSION = YES;
				CLANG_WARN_INFINITE_RECURSION = YES;
				CLANG_WARN_INT_CONVERSION = YES;
				CLANG_WARN_NON_LITERAL_NULL_CONVERSION = YES;
				CLANG_WARN_OBJC_IMPLICIT_RETAIN_SELF = YES;
				CLANG_WARN_OBJC_LITERAL_CONVERSION = YES;
				CLANG_WARN_OBJC_ROOT_CLASS = YES_ERROR;
				CLANG_WARN_QUOTED_INCLUDE_IN_FRAMEWORK_HEADER = YES;
				CLANG_WARN_RANGE_LOOP_ANALYSIS = YES;
				CLANG_WARN_STRICT_PROTOTYPES = YES;
				CLANG_WARN_SUSPICIOUS_MOVE = YES;
				CLANG_WARN_UNGUARDED_AVAILABILITY = YES_AGGRESSIVE;
				CLANG_WARN_UNREACHABLE_CODE = YES;
				CLANG_WARN__DUPLICATE_METHOD_MATCH = YES;
				COPY_PHASE_STRIP = NO;
				DEBUG_INFORMATION_FORMAT = dwarf;
				ENABLE_STRICT_OBJC_MSGSEND = YES;
				ENABLE_TESTABILITY = YES;
				ENABLE_USER_SCRIPT_SANDBOXING = NO;
				GCC_C_LANGUAGE_STANDARD = gnu17;
				GCC_DYNAMIC_NO_PIC = NO;
				GCC_NO_COMMON_BLOCKS = YES;
				GCC_OPTIMIZATION_LEVEL = 0;
				GCC_PREPROCESSOR_DEFINITIONS = (
					"DEBUG=1",
					"$(inherited)",
				);
				GCC_WARN_64_TO_32_BIT_CONVERSION = YES;
				GCC_WARN_ABOUT_RETURN_TYPE = YES_ERROR;
				GCC_WARN_UNDECLARED_SELECTOR = YES;
				GCC_WARN_UNINITIALIZED_AUTOS = YES_AGGRESSIVE;
				GCC_WARN_UNUSED_FUNCTION = YES;
				GCC_WARN_UNUSED_VARIABLE = YES;
				IPHONEOS_DEPLOYMENT_TARGET = 18.4;
				LOCALIZATION_PREFERS_STRING_CATALOGS = YES;
				MTL_ENABLE_DEBUG_INFO = INCLUDE_SOURCE;
				MTL_FAST_MATH = YES;
				ONLY_ACTIVE_ARCH = YES;
				SDKROOT = iphoneos;
				SWIFT_ACTIVE_COMPILATION_CONDITIONS = "DEBUG $(inherited)";
				SWIFT_OPTIMIZATION_LEVEL = "-Onone";
			};
			name = Debug;
		};
		E875C94A2F2E8437008F9488 /* Release */ = {
			isa = XCBuildConfiguration;
			buildSettings = {
				ALWAYS_SEARCH_USER_PATHS = NO;
				ASSETCATALOG_COMPILER_GENERATE_SWIFT_ASSET_SYMBOL_EXTENSIONS = YES;
				CLANG_ANALYZER_NONNULL = YES;
				CLANG_ANALYZER_NUMBER_OBJECT_CONVERSION = YES_AGGRESSIVE;
				CLANG_CXX_LANGUAGE_STANDARD = "gnu++20";
				CLANG_ENABLE_MODULES = YES;
				CLANG_ENABLE_OBJC_ARC = YES;
				CLANG_ENABLE_OBJC_WEAK = YES;
				CLANG_WARN_BLOCK_CAPTURE_AUTORELEASING = YES;
				CLANG_WARN_BOOL_CONVERSION = YES;
				CLANG_WARN_COMMA = YES;
				CLANG_WARN_CONSTANT_CONVERSION = YES;
				CLANG_WARN_DEPRECATED_OBJC_IMPLEMENTATIONS = YES;
				CLANG_WARN_DIRECT_OBJC_ISA_USAGE = YES_ERROR;
				CLANG_WARN_DOCUMENTATION_COMMENTS = YES;
				CLANG_WARN_EMPTY_BODY = YES;
				CLANG_WARN_ENUM_CONVERSION = YES;
				CLANG_WARN_INFINITE_RECURSION = YES;
				CLANG_WARN_INT_CONVERSION = YES;
				CLANG_WARN_NON_LITERAL_NULL_CONVERSION = YES;
				CLANG_WARN_OBJC_IMPLICIT_RETAIN_SELF = YES;
				CLANG_WARN_OBJC_LITERAL_CONVERSION = YES;
				CLANG_WARN_OBJC_ROOT_CLASS = YES_ERROR;
				CLANG_WARN_QUOTED_INCLUDE_IN_FRAMEWORK_HEADER = YES;
				CLANG_WARN_RANGE_LOOP_ANALYSIS = YES;
				CLANG_WARN_STRICT_PROTOTYPES = YES;
				CLANG_WARN_SUSPICIOUS_MOVE = YES;
				CLANG_WARN_UNGUARDED_AVAILABILITY = YES_AGGRESSIVE;
				CLANG_WARN_UNREACHABLE_CODE = YES;
				CLANG_WARN__DUPLICATE_METHOD_MATCH = YES;
				COPY_PHASE_STRIP = NO;
				DEBUG_INFORMATION_FORMAT = "dwarf-with-dsym";
				ENABLE_NS_ASSERTIONS = NO;
				ENABLE_STRICT_OBJC_MSGSEND = YES;
				ENABLE_USER_SCRIPT_SANDBOXING = NO;
				GCC_C_LANGUAGE_STANDARD = gnu17;
				GCC_NO_COMMON_BLOCKS = YES;
				GCC_WARN_64_TO_32_BIT_CONVERSION = YES;
				GCC_WARN_ABOUT_RETURN_TYPE = YES_ERROR;
				GCC_WARN_UNDECLARED_SELECTOR = YES;
				GCC_WARN_UNINITIALIZED_AUTOS = YES_AGGRESSIVE;
				GCC_WARN_UNUSED_FUNCTION = YES;
				GCC_WARN_UNUSED_VARIABLE = YES;
				IPHONEOS_DEPLOYMENT_TARGET = 18.4;
				LOCALIZATION_PREFERS_STRING_CATALOGS = YES;
				MTL_ENABLE_DEBUG_INFO = NO;
				MTL_FAST_MATH = YES;
				SDKROOT = iphoneos;
				SWIFT_COMPILATION_MODE = wholemodule;
				VALIDATE_PRODUCT = YES;
			};
			name = Release;
		};
		E875C94C2F2E8437008F9488 /* Debug */ = {
			isa = XCBuildConfiguration;
			buildSettings = {
				ASSETCATALOG_COMPILER_APPICON_NAME = AppIcon;
				ASSETCATALOG_COMPILER_GLOBAL_ACCENT_COLOR_NAME = AccentColor;
				CODE_SIGN_STYLE = Automatic;
				CURRENT_PROJECT_VERSION = 1;
				ENABLE_PREVIEWS = YES;
				GENERATE_INFOPLIST_FILE = YES;
				INFOPLIST_KEY_UIApplicationSceneManifest_Generation = YES;
				INFOPLIST_KEY_UIApplicationSupportsIndirectInputEvents = YES;
				INFOPLIST_KEY_UILaunchScreen_Generation = YES;
				INFOPLIST_KEY_UISupportedInterfaceOrientations_iPad = "UIInterfaceOrientationPortrait UIInterfaceOrientationPortraitUpsideDown UIInterfaceOrientationLandscapeLeft UIInterfaceOrientationLandscapeRight";
				INFOPLIST_KEY_UISupportedInterfaceOrientations_iPhone = "UIInterfaceOrientationPortrait UIInterfaceOrientationLandscapeLeft UIInterfaceOrientationLandscapeRight";
				LD_RUNPATH_SEARCH_PATHS = (
					"$(inherited)",
					"@executable_path/Frameworks",
				);
				MARKETING_VERSION = 1.0;
				PRODUCT_BUNDLE_IDENTIFIER = com.aya.Hatli;
				PRODUCT_NAME = "$(TARGET_NAME)";
				SWIFT_EMIT_LOC_STRINGS = YES;
				SWIFT_VERSION = 5.0;
				TARGETED_DEVICE_FAMILY = "1,2";
			};
			name = Debug;
		};
		E875C94D2F2E8437008F9488 /* Release */ = {
			isa = XCBuildConfiguration;
			buildSettings = {
				ASSETCATALOG_COMPILER_APPICON_NAME = AppIcon;
				ASSETCATALOG_COMPILER_GLOBAL_ACCENT_COLOR_NAME = AccentColor;
				CODE_SIGN_STYLE = Automatic;
				CURRENT_PROJECT_VERSION = 1;
				ENABLE_PREVIEWS = YES;
				GENERATE_INFOPLIST_FILE = YES;
				INFOPLIST_KEY_UIApplicationSceneManifest_Generation = YES;
				INFOPLIST_KEY_UIApplicationSupportsIndirectInputEvents = YES;
				INFOPLIST_KEY_UILaunchScreen_Generation = YES;
				INFOPLIST_KEY_UISupportedInterfaceOrientations_iPad = "UIInterfaceOrientationPortrait UIInterfaceOrientationPortraitUpsideDown UIInterfaceOrientationLandscapeLeft UIInterfaceOrientationLandscapeRight";
				INFOPLIST_KEY_UISupportedInterfaceOrientations_iPhone = "UIInterfaceOrientationPortrait UIInterfaceOrientationLandscapeLeft UIInterfaceOrientationLandscapeRight";
				LD_RUNPATH_SEARCH_PATHS = (
					"$(inherited)",
					"@executable_path/Frameworks",
				);
				MARKETING_VERSION = 1.0;
				PRODUCT_BUNDLE_IDENTIFIER = com.aya.Hatli;
				PRODUCT_NAME = "$(TARGET_NAME)";
				SWIFT_EMIT_LOC_STRINGS = YES;
				SWIFT_VERSION = 5.0;
				TARGETED_DEVICE_FAMILY = "1,2";
			};
			name = Release;
		};
		E875C94F2F2E8437008F9488 /* Debug */ = {
			isa = XCBuildConfiguration;
			buildSettings = {
				BUNDLE_LOADER = "$(TEST_HOST)";
				CODE_SIGN_STYLE = Automatic;
				CURRENT_PROJECT_VERSION = 1;
				GENERATE_INFOPLIST_FILE = YES;
				IPHONEOS_DEPLOYMENT_TARGET = 18.4;
				MARKETING_VERSION = 1.0;
				PRODUCT_BUNDLE_IDENTIFIER = com.aya.HatliTests;
				PRODUCT_NAME = "$(TARGET_NAME)";
				SWIFT_EMIT_LOC_STRINGS = NO;
				SWIFT_VERSION = 5.0;
				TARGETED_DEVICE_FAMILY = "1,2";
				TEST_HOST = "$(BUILT_PRODUCTS_DIR)/Hatli.app/$(BUNDLE_EXECUTABLE_FOLDER_PATH)/Hatli";
			};
			name = Debug;
		};
		E875C9502F2E8437008F9488 /* Release */ = {
			isa = XCBuildConfiguration;
			buildSettings = {
				BUNDLE_LOADER = "$(TEST_HOST)";
				CODE_SIGN_STYLE = Automatic;
				CURRENT_PROJECT_VERSION = 1;
				GENERATE_INFOPLIST_FILE = YES;
				IPHONEOS_DEPLOYMENT_TARGET = 18.4;
				MARKETING_VERSION = 1.0;
				PRODUCT_BUNDLE_IDENTIFIER = com.aya.HatliTests;
				PRODUCT_NAME = "$(TARGET_NAME)";
				SWIFT_EMIT_LOC_STRINGS = NO;
				SWIFT_VERSION = 5.0;
				TARGETED_DEVICE_FAMILY = "1,2";
				TEST_HOST = "$(BUILT_PRODUCTS_DIR)/Hatli.app/$(BUNDLE_EXECUTABLE_FOLDER_PATH)/Hatli";
			};
			name = Release;
		};
		E875C9522F2E8437008F9488 /* Debug */ = {
			isa = XCBuildConfiguration;
			buildSettings = {
				CODE_SIGN_STYLE = Automatic;
				CURRENT_PROJECT_VERSION = 1;
				GENERATE_INFOPLIST_FILE = YES;
				MARKETING_VERSION = 1.0;
				PRODUCT_BUNDLE_IDENTIFIER = com.aya.HatliUITests;
				PRODUCT_NAME = "$(TARGET_NAME)";
				SWIFT_EMIT_LOC_STRINGS = NO;
				SWIFT_VERSION = 5.0;
				TARGETED_DEVICE_FAMILY = "1,2";
				TEST_TARGET_NAME = Hatli;
			};
			name = Debug;
		};
		E875C9532F2E8437008F9488 /* Release */ = {
			isa = XCBuildConfiguration;
			buildSettings = {
				CODE_SIGN_STYLE = Automatic;
				CURRENT_PROJECT_VERSION = 1;
				GENERATE_INFOPLIST_FILE = YES;
				MARKETING_VERSION = 1.0;
				PRODUCT_BUNDLE_IDENTIFIER = com.aya.HatliUITests;
				PRODUCT_NAME = "$(TARGET_NAME)";
				SWIFT_EMIT_LOC_STRINGS = NO;
				SWIFT_VERSION = 5.0;
				TARGETED_DEVICE_FAMILY = "1,2";
				TEST_TARGET_NAME = Hatli;
			};
			name = Release;
		};
/* End XCBuildConfiguration section */

/* Begin XCConfigurationList section */
		E875C9252F2E8436008F9488 /* Build configuration list for PBXProject "Hatli" */ = {
			isa = XCConfigurationList;
			buildConfigurations = (
				E875C9492F2E8437008F9488 /* Debug */,
				E875C94A2F2E8437008F9488 /* Release */,
			);
			defaultConfigurationIsVisible = 0;
			defaultConfigurationName = Release;
		};
		E875C94B2F2E8437008F9488 /* Build configuration list for PBXNativeTarget "Hatli" */ = {
			isa = XCConfigurationList;
			buildConfigurations = (
				E875C94C2F2E8437008F9488 /* Debug */,
				E875C94D2F2E8437008F9488 /* Release */,
			);
			defaultConfigurationIsVisible = 0;
			defaultConfigurationName = Release;
		};
		E875C94E2F2E8437008F9488 /* Build configuration list for PBXNativeTarget "HatliTests" */ = {
			isa = XCConfigurationList;
			buildConfigurations = (
				E875C94F2F2E8437008F9488 /* Debug */,
				E875C9502F2E8437008F9488 /* Release */,
			);
			defaultConfigurationIsVisible = 0;
			defaultConfigurationName = Release;
		};
		E875C9512F2E8437008F9488 /* Build configuration list for PBXNativeTarget "HatliUITests" */ = {
			isa = XCConfigurationList;
			buildConfigurations = (
				E875C9522F2E8437008F9488 /* Debug */,
				E875C9532F2E8437008F9488 /* Release */,
			);
			defaultConfigurationIsVisible = 0;
			defaultConfigurationName = Release;
		};
/* End XCConfigurationList section */

/* Begin XCSwiftPackageProductDependency section */
		E875C96E2F2E8D67008F9488 /* Core */ = {
			isa = XCSwiftPackageProductDependency;
			productName = Core;
		};
		E875C9D32F2E9238008F9488 /* SplashModule */ = {
			isa = XCSwiftPackageProductDependency;
			productName = SplashModule;
		};
/* End XCSwiftPackageProductDependency section */
	};
	rootObject = E875C9222F2E8436008F9488 /* Project object */;
}
